
Microsoft Visual Studio Solution File, Format Version 12.00
# Visual Studio Version 16
VisualStudioVersion = 16.0.31321.278
MinimumVisualStudioVersion = 10.0.40219.1
Project("{8BC9CEB8-8B4A-11D0-8D11-00A0C91BC942}") = "CM_Lesson_1", "CM_Lesson_1\CM_Lesson_1.vcxproj", "{FD3F5C35-37D8-4104-8805-1B46E139B114}"
EndProject
Global
	GlobalSection(SolutionConfigurationPlatforms) = preSolution
		Debug|x64 = Debug|x64
		Debug|x86 = Debug|x86
		Release|x64 = Release|x64
		Release|x86 = Release|x86
	EndGlobalSection
	GlobalSection(ProjectConfigurationPlatforms) = postSolution
		{FD3F5C35-37D8-4104-8805-1B46E139B114}.Debug|x64.ActiveCfg = Debug|x64
		{FD3F5C35-37D8-4104-8805-1B46E139B114}.Debug|x64.Build.0 = Debug|x64
		{FD3F5C35-37D8-4104-8805-1B46E139B114}.Debug|x86.ActiveCfg = Debug|Win32
		{FD3F5C35-37D8-4104-8805-1B46E139B114}.Debug|x86.Build.0 = Debug|Win32
		{FD3F5C35-37D8-4104-8805-1B46E139B114}.Release|x64.ActiveCfg = Release|x64
		{FD3F5C35-37D8-4104-8805-1B46E139B114}.Release|x64.Build.0 = Release|x64
		{FD3F5C35-37D8-4104-8805-1B46E139B114}.Release|x86.ActiveCfg = Release|Win32
		{FD3F5C35-37D8-4104-8805-1B46E139B114}.Release|x86.Build.0 = Release|Win32
	EndGlobalSection
	GlobalSection(SolutionProperties) = preSolution
		HideSolutionNode = FALSE
	EndGlobalSection
	GlobalSection(ExtensibilityGlobals) = postSolution
		SolutionGuid = {2C5F4F5F-2BA9-4633-8C27-3A4FDB8E3918}
	EndGlobalSection
EndGlobal
